// !$*UTF8*$!
{
	archiveVersion = 1;
	classes = {
	};
	objectVersion = 46;
	objects = {

/* Begin PBXBuildFile section */
		DB2B6EA81EB74814002EED3A /* isolation.c in Sources */ = {isa = PBXBuildFile; fileRef = DB2B6EA71EB74814002EED3A /* isolation.c */; };
		DB2B6EAA1EB7481B002EED3A /* isolation.h in Headers */ = {isa = PBXBuildFile; fileRef = DB2B6EA91EB7481B002EED3A /* isolation.h */; };
/* End PBXBuildFile section */

/* Begin PBXFileReference section */
		DB2B6E9A1EB7465C002EED3A /* CMakeLists.txt */ = {isa = PBXFileReference; lastKnownFileType = text; path = CMakeLists.txt; sourceTree = "<group>"; };
		DB2B6E9C1EB7465C002EED3A /* README.md */ = {isa = PBXFileReference; lastKnownFileType = net.daringfireball.markdown; path = README.md; sourceTree = "<group>"; };
		DB2B6EA21EB74791002EED3A /* libisolation.dylib */ = {isa = PBXFileReference; explicitFileType = "compiled.mach-o.dylib"; includeInIndex = 0; path = libisolation.dylib; sourceTree = BUILT_PRODUCTS_DIR; };
		DB2B6EA71EB74814002EED3A /* isolation.c */ = {isa = PBXFileReference; fileEncoding = 4; lastKnownFileType = sourcecode.c.c; name = isolation.c; path = src/isolation.c; sourceTree = "<group>"; };
		DB2B6EA91EB7481B002EED3A /* isolation.h */ = {isa = PBXFileReference; fileEncoding = 4; lastKnownFileType = sourcecode.c.h; name = isolation.h; path = include/isolation.h; sourceTree = "<group>"; };
/* End PBXFileReference section */

/* Begin PBXFrameworksBuildPhase section */
		DB2B6E9F1EB74791002EED3A /* Frameworks */ = {
			isa = PBXFrameworksBuildPhase;
			buildActionMask = 2147483647;
			files = (
			);
			runOnlyForDeploymentPostprocessing = 0;
		};
/* End PBXFrameworksBuildPhase section */

/* Begin PBXGroup section */
		DB2B6E8F1EB74575002EED3A = {
			isa = PBXGroup;
			children = (
				DB2B6E9A1EB7465C002EED3A /* CMakeLists.txt */,
				DB2B6E9C1EB7465C002EED3A /* README.md */,
				DB2B6EAC1EB74828002EED3A /* include */,
				DB2B6EAB1EB74820002EED3A /* src */,
				DB2B6EA31EB74791002EED3A /* Products */,
			);
			sourceTree = "<group>";
		};
		DB2B6EA31EB74791002EED3A /* Products */ = {
			isa = PBXGroup;
			children = (
				DB2B6EA21EB74791002EED3A /* libisolation.dylib */,
			);
			name = Products;
			sourceTree = "<group>";
		};
		DB2B6EAB1EB74820002EED3A /* src */ = {
			isa = PBXGroup;
			children = (
				DB2B6EA71EB74814002EED3A /* isolation.c */,
			);
			name = src;
			sourceTree = "<group>";
		};
		DB2B6EAC1EB74828002EED3A /* include */ = {
			isa = PBXGroup;
			children = (
				DB2B6EA91EB7481B002EED3A /* isolation.h */,
			);
			name = include;
			sourceTree = "<group>";
		};
/* End PBXGroup section */

/* Begin PBXHeadersBuildPhase section */
		DB2B6EA01EB74791002EED3A /* Headers */ = {
			isa = PBXHeadersBuildPhase;
			buildActionMask = 2147483647;
			files = (
				DB2B6EAA1EB7481B002EED3A /* isolation.h in Headers */,
			);
			runOnlyForDeploymentPostprocessing = 0;
		};
/* End PBXHeadersBuildPhase section */

/* Begin PBXNativeTarget section */
		DB2B6EA11EB74791002EED3A /* isolation */ = {
			isa = PBXNativeTarget;
			buildConfigurationList = DB2B6EA41EB74791002EED3A /* Build configuration list for PBXNativeTarget "isolation" */;
			buildPhases = (
				DB2B6E9E1EB74791002EED3A /* Sources */,
				DB2B6E9F1EB74791002EED3A /* Frameworks */,
				DB2B6EA01EB74791002EED3A /* Headers */,
			);
			buildRules = (
			);
			dependencies = (
			);
			name = isolation;
			productName = libisolation;
			productReference = DB2B6EA21EB74791002EED3A /* libisolation.dylib */;
			productType = "com.apple.product-type.library.dynamic";
		};
/* End PBXNativeTarget section */

/* Begin PBXProject section */
		DB2B6E901EB74575002EED3A /* Project object */ = {
			isa = PBXProject;
			attributes = {
				LastUpgradeCheck = 0830;
				TargetAttributes = {
					DB2B6EA11EB74791002EED3A = {
						CreatedOnToolsVersion = 8.3.2;
						ProvisioningStyle = Automatic;
					};
				};
			};
			buildConfigurationList = DB2B6E931EB74575002EED3A /* Build configuration list for PBXProject "libisolation" */;
			compatibilityVersion = "Xcode 3.2";
			developmentRegion = English;
			hasScannedForEncodings = 0;
			knownRegions = (
				en,
			);
			mainGroup = DB2B6E8F1EB74575002EED3A;
			productRefGroup = DB2B6EA31EB74791002EED3A /* Products */;
			projectDirPath = "";
			projectRoot = "";
			targets = (
				DB2B6EA11EB74791002EED3A /* isolation */,
			);
		};
/* End PBXProject section */

/* Begin PBXSourcesBuildPhase section */
		DB2B6E9E1EB74791002EED3A /* Sources */ = {
			isa = PBXSourcesBuildPhase;
			buildActionMask = 2147483647;
			files = (
				DB2B6EA81EB74814002EED3A /* isolation.c in Sources */,
			);
			runOnlyForDeploymentPostprocessing = 0;
		};
/* End PBXSourcesBuildPhase section */

/* Begin XCBuildConfiguration section */
		DB2B6E941EB74575002EED3A /* Debug */ = {
			isa = XCBuildConfiguration;
			buildSettings = {
			};
			name = Debug;
		};
		DB2B6E951EB74575002EED3A /* Release */ = {
			isa = XCBuildConfiguration;
			buildSettings = {
			};
			name = Release;
		};
		DB2B6EA51EB74791002EED3A /* Debug */ = {
			isa = XCBuildConfiguration;
			buildSettings = {
				ALWAYS_SEARCH_USER_PATHS = NO;
				CLANG_ANALYZER_NONNULL = YES;
				CLANG_ANALYZER_NUMBER_OBJECT_CONVERSION = YES_AGGRESSIVE;
				CLANG_CXX_LANGUAGE_STANDARD = "gnu++0x";
				CLANG_CXX_LIBRARY = "libc++";
				CLANG_ENABLE_MODULES = YES;
				CLANG_ENABLE_OBJC_ARC = YES;
				CLANG_WARN_BOOL_CONVERSION = YES;
				CLANG_WARN_CONSTANT_CONVERSION = YES;
				CLANG_WARN_DIRECT_OBJC_ISA_USAGE = YES_ERROR;
				CLANG_WARN_DOCUMENTATION_COMMENTS = YES;
				CLANG_WARN_EMPTY_BODY = YES;
				CLANG_WARN_ENUM_CONVERSION = YES;
				CLANG_WARN_INFINITE_RECURSION = YES;
				CLANG_WARN_INT_CONVERSION = YES;
				CLANG_WARN_OBJC_ROOT_CLASS = YES_ERROR;
				CLANG_WARN_SUSPICIOUS_MOVE = YES;
				CLANG_WARN_UNREACHABLE_CODE = YES;
				CLANG_WARN__DUPLICATE_METHOD_MATCH = YES;
				CODE_SIGN_IDENTITY = "-";
				COPY_PHASE_STRIP = NO;
				DEBUG_INFORMATION_FORMAT = dwarf;
				DYLIB_COMPATIBILITY_VERSION = 1;
				DYLIB_CURRENT_VERSION = 1;
				ENABLE_STRICT_OBJC_MSGSEND = YES;
				ENABLE_TESTABILITY = YES;
				EXECUTABLE_PREFIX = lib;
				GCC_C_LANGUAGE_STANDARD = gnu99;
				GCC_DYNAMIC_NO_PIC = NO;
				GCC_NO_COMMON_BLOCKS = YES;
				GCC_OPTIMIZATION_LEVEL = 0;
				GCC_PREPROCESSOR_DEFINITIONS = (
					"DEBUG=1",
					"$(inherited)",
				);
				GCC_WARN_64_TO_32_BIT_CONVERSION = YES;
				GCC_WARN_ABOUT_RETURN_TYPE = YES_ERROR;
				GCC_WARN_UNDECLARED_SELECTOR = YES;
				GCC_WARN_UNINITIALIZED_AUTOS = YES_AGGRESSIVE;
				GCC_WARN_UNUSED_FUNCTION = YES;
				GCC_WARN_UNUSED_VARIABLE = YES;
				MACOSX_DEPLOYMENT_TARGET = 10.12;
				MTL_ENABLE_DEBUG_INFO = YES;
				ONLY_ACTIVE_ARCH = YES;
				PRODUCT_NAME = "$(TARGET_NAME)";
				SDKROOT = macosx;
			};
			name = Debug;
		};
		DB2B6EA61EB74791002EED3A /* Release */ = {
			isa = XCBuildConfiguration;
			buildSettings = {
				ALWAYS_SEARCH_USER_PATHS = NO;
				CLANG_ANALYZER_NONNULL = YES;
				CLANG_ANALYZER_NUMBER_OBJECT_CONVERSION = YES_AGGRESSIVE;
				CLANG_CXX_LANGUAGE_STANDARD = "gnu++0x";
				CLANG_CXX_LIBRARY = "libc++";
				CLANG_ENABLE_MODULES = YES;
				CLANG_ENABLE_OBJC_ARC = YES;
				CLANG_WARN_BOOL_CONVERSION = YES;
				CLANG_WARN_CONSTANT_CONVERSION = YES;
				CLANG_WARN_DIRECT_OBJC_ISA_USAGE = YES_ERROR;
				CLANG_WARN_DOCUMENTATION_COMMENTS = YES;
				CLANG_WARN_EMPTY_BODY = YES;
				CLANG_WARN_ENUM_CONVERSION = YES;
				CLANG_WARN_INFINITE_RECURSION = YES;
				CLANG_WARN_INT_CONVERSION = YES;
				CLANG_WARN_OBJC_ROOT_CLASS = YES_ERROR;
				CLANG_WARN_SUSPICIOUS_MOVE = YES;
				CLANG_WARN_UNREACHABLE_CODE = YES;
				CLANG_WARN__DUPLICATE_METHOD_MATCH = YES;
				CODE_SIGN_IDENTITY = "-";
				COPY_PHASE_STRIP = NO;
				DEBUG_INFORMATION_FORMAT = "dwarf-with-dsym";
				DYLIB_COMPATIBILITY_VERSION = 1;
				DYLIB_CURRENT_VERSION = 1;
				ENABLE_NS_ASSERTIONS = NO;
				ENABLE_STRICT_OBJC_MSGSEND = YES;
				EXECUTABLE_PREFIX = lib;
				GCC_C_LANGUAGE_STANDARD = gnu99;
				GCC_NO_COMMON_BLOCKS = YES;
				GCC_WARN_64_TO_32_BIT_CONVERSION = YES;
				GCC_WARN_ABOUT_RETURN_TYPE = YES_ERROR;
				GCC_WARN_UNDECLARED_SELECTOR = YES;
				GCC_WARN_UNINITIALIZED_AUTOS = YES_AGGRESSIVE;
				GCC_WARN_UNUSED_FUNCTION = YES;
				GCC_WARN_UNUSED_VARIABLE = YES;
				MACOSX_DEPLOYMENT_TARGET = 10.12;
				MTL_ENABLE_DEBUG_INFO = NO;
				PRODUCT_NAME = "$(TARGET_NAME)";
				SDKROOT = macosx;
			};
			name = Release;
		};
/* End XCBuildConfiguration section */

/* Begin XCConfigurationList section */
		DB2B6E931EB74575002EED3A /* Build configuration list for PBXProject "libisolation" */ = {
			isa = XCConfigurationList;
			buildConfigurations = (
				DB2B6E941EB74575002EED3A /* Debug */,
				DB2B6E951EB74575002EED3A /* Release */,
			);
			defaultConfigurationIsVisible = 0;
			defaultConfigurationName = Release;
		};
		DB2B6EA41EB74791002EED3A /* Build configuration list for PBXNativeTarget "isolation" */ = {
			isa = XCConfigurationList;
			buildConfigurations = (
				DB2B6EA51EB74791002EED3A /* Debug */,
				DB2B6EA61EB74791002EED3A /* Release */,
			);
			defaultConfigurationIsVisible = 0;
		};
/* End XCConfigurationList section */
	};
	rootObject = DB2B6E901EB74575002EED3A /* Project object */;
}
